PODS:
  - HZPlaceHolder/PlaceHolderView (1.3.3)
  - HZPlaceHolder/Refresh (1.3.3):
    - MJRefresh
  - MJRefresh (3.2.2)

DEPENDENCIES:
  - HZPlaceHolder/PlaceHolderView (from `../`)
  - HZPlaceHolder/Refresh (from `../`)
  - MJRefresh

SPEC REPOS:
  trunk:
    - MJRefresh

EXTERNAL SOURCES:
  HZPlaceHolder:
    :path: "../"

SPEC CHECKSUMS:
  HZPlaceHolder: 29866c580812c07639a4a1a05b2581f64331a509
  MJRefresh: 72a46ecaa2a0feaf48fc5198dff95f25f8bb27c6

PODFILE CHECKSUM: 79f9be31195c0af3dc9a388b8df6b08b3a676924

COCOAPODS: 1.16.2
