PODS:
  - HZPlaceHolder/PlaceHolderView (1.0.7)
  - HZPlaceHolder/Refresh (1.0.7):
    - MJRefresh
  - MJRefresh (3.2.2)

DEPENDENCIES:
  - HZPlaceHolder/PlaceHolderView (from `../`)
  - HZPlaceHolder/Refresh (from `../`)
  - MJRefresh

SPEC REPOS:
  trunk:
    - MJRefresh

EXTERNAL SOURCES:
  HZPlaceHolder:
    :path: "../"

SPEC CHECKSUMS:
  HZPlaceHolder: 7e73bfc99853cfd720f18aba33ae78b6a546eb4e
  MJRefresh: 72a46ecaa2a0feaf48fc5198dff95f25f8bb27c6

PODFILE CHECKSUM: c90b5d5c30cdf0d7bc39ad681ef9cc45fd12a4ac

COCOAPODS: 1.11.2
