// !$*UTF8*$!
{
	archiveVersion = 1;
	classes = {
	};
	objectVersion = 51;
	objects = {

/* Begin PBXBuildFile section */
		4EBF99D50E08F869110EF000 /* Pods_HZPlaceHolder.framework in Frameworks */ = {isa = PBXBuildFile; fileRef = 26B0137D004833CC3BF1E999 /* Pods_HZPlaceHolder.framework */; };
		E45C741723289D640067564B /* HZRefreshBackNormalFooter.swift in Sources */ = {isa = PBXBuildFile; fileRef = E45C740E23289D640067564B /* HZRefreshBackNormalFooter.swift */; };
		E45C741823289D640067564B /* UIScrollViewExtension.swift in Sources */ = {isa = PBXBuildFile; fileRef = E45C740F23289D640067564B /* UIScrollViewExtension.swift */; };
		E45C741923289D640067564B /* HZRefreshNormalHeader.swift in Sources */ = {isa = PBXBuildFile; fileRef = E45C741023289D640067564B /* HZRefreshNormalHeader.swift */; };
		E45C741A23289D640067564B /* HZPlaceHolderView.swift in Sources */ = {isa = PBXBuildFile; fileRef = E45C741223289D640067564B /* HZPlaceHolderView.swift */; };
		E45C741B23289D640067564B /* UIButtonExtension.swift in Sources */ = {isa = PBXBuildFile; fileRef = E45C741323289D640067564B /* UIButtonExtension.swift */; };
		E45C741C23289D640067564B /* UILabelExtension.swift in Sources */ = {isa = PBXBuildFile; fileRef = E45C741423289D640067564B /* UILabelExtension.swift */; };
		E45C741D23289D640067564B /* UITableviewExtension.swift in Sources */ = {isa = PBXBuildFile; fileRef = E45C741523289D640067564B /* UITableviewExtension.swift */; };
		E45C741E23289D640067564B /* UICollectionViewExtension.swift in Sources */ = {isa = PBXBuildFile; fileRef = E45C741623289D640067564B /* UICollectionViewExtension.swift */; };
		E4F05FB223279F85002A46CC /* AppDelegate.swift in Sources */ = {isa = PBXBuildFile; fileRef = E4F05FB123279F85002A46CC /* AppDelegate.swift */; };
		E4F05FB423279F85002A46CC /* ViewController.swift in Sources */ = {isa = PBXBuildFile; fileRef = E4F05FB323279F85002A46CC /* ViewController.swift */; };
		E4F05FB723279F85002A46CC /* Main.storyboard in Resources */ = {isa = PBXBuildFile; fileRef = E4F05FB523279F85002A46CC /* Main.storyboard */; };
		E4F05FB923279F86002A46CC /* Assets.xcassets in Resources */ = {isa = PBXBuildFile; fileRef = E4F05FB823279F86002A46CC /* Assets.xcassets */; };
		E4F05FBC23279F86002A46CC /* LaunchScreen.storyboard in Resources */ = {isa = PBXBuildFile; fileRef = E4F05FBA23279F86002A46CC /* LaunchScreen.storyboard */; };
/* End PBXBuildFile section */

/* Begin PBXFileReference section */
		26B0137D004833CC3BF1E999 /* Pods_HZPlaceHolder.framework */ = {isa = PBXFileReference; explicitFileType = wrapper.framework; includeInIndex = 0; path = Pods_HZPlaceHolder.framework; sourceTree = BUILT_PRODUCTS_DIR; };
		C7B76DA87965862688514E73 /* Pods-HZPlaceHolder.debug.xcconfig */ = {isa = PBXFileReference; includeInIndex = 1; lastKnownFileType = text.xcconfig; name = "Pods-HZPlaceHolder.debug.xcconfig"; path = "Target Support Files/Pods-HZPlaceHolder/Pods-HZPlaceHolder.debug.xcconfig"; sourceTree = "<group>"; };
		E45C740E23289D640067564B /* HZRefreshBackNormalFooter.swift */ = {isa = PBXFileReference; fileEncoding = 4; lastKnownFileType = sourcecode.swift; path = HZRefreshBackNormalFooter.swift; sourceTree = "<group>"; };
		E45C740F23289D640067564B /* UIScrollViewExtension.swift */ = {isa = PBXFileReference; fileEncoding = 4; lastKnownFileType = sourcecode.swift; path = UIScrollViewExtension.swift; sourceTree = "<group>"; };
		E45C741023289D640067564B /* HZRefreshNormalHeader.swift */ = {isa = PBXFileReference; fileEncoding = 4; lastKnownFileType = sourcecode.swift; path = HZRefreshNormalHeader.swift; sourceTree = "<group>"; };
		E45C741223289D640067564B /* HZPlaceHolderView.swift */ = {isa = PBXFileReference; fileEncoding = 4; lastKnownFileType = sourcecode.swift; path = HZPlaceHolderView.swift; sourceTree = "<group>"; };
		E45C741323289D640067564B /* UIButtonExtension.swift */ = {isa = PBXFileReference; fileEncoding = 4; lastKnownFileType = sourcecode.swift; path = UIButtonExtension.swift; sourceTree = "<group>"; };
		E45C741423289D640067564B /* UILabelExtension.swift */ = {isa = PBXFileReference; fileEncoding = 4; lastKnownFileType = sourcecode.swift; path = UILabelExtension.swift; sourceTree = "<group>"; };
		E45C741523289D640067564B /* UITableviewExtension.swift */ = {isa = PBXFileReference; fileEncoding = 4; lastKnownFileType = sourcecode.swift; path = UITableviewExtension.swift; sourceTree = "<group>"; };
		E45C741623289D640067564B /* UICollectionViewExtension.swift */ = {isa = PBXFileReference; fileEncoding = 4; lastKnownFileType = sourcecode.swift; path = UICollectionViewExtension.swift; sourceTree = "<group>"; };
		E4F05FAE23279F85002A46CC /* HZPlaceHolder.app */ = {isa = PBXFileReference; explicitFileType = wrapper.application; includeInIndex = 0; path = HZPlaceHolder.app; sourceTree = BUILT_PRODUCTS_DIR; };
		E4F05FB123279F85002A46CC /* AppDelegate.swift */ = {isa = PBXFileReference; lastKnownFileType = sourcecode.swift; path = AppDelegate.swift; sourceTree = "<group>"; };
		E4F05FB323279F85002A46CC /* ViewController.swift */ = {isa = PBXFileReference; lastKnownFileType = sourcecode.swift; path = ViewController.swift; sourceTree = "<group>"; };
		E4F05FB623279F85002A46CC /* Base */ = {isa = PBXFileReference; lastKnownFileType = file.storyboard; name = Base; path = Base.lproj/Main.storyboard; sourceTree = "<group>"; };
		E4F05FB823279F86002A46CC /* Assets.xcassets */ = {isa = PBXFileReference; lastKnownFileType = folder.assetcatalog; path = Assets.xcassets; sourceTree = "<group>"; };
		E4F05FBB23279F86002A46CC /* Base */ = {isa = PBXFileReference; lastKnownFileType = file.storyboard; name = Base; path = Base.lproj/LaunchScreen.storyboard; sourceTree = "<group>"; };
		E4F05FBD23279F86002A46CC /* Info.plist */ = {isa = PBXFileReference; lastKnownFileType = text.plist.xml; path = Info.plist; sourceTree = "<group>"; };
		E883C263CE2668E7F953F0E7 /* Pods-HZPlaceHolder.release.xcconfig */ = {isa = PBXFileReference; includeInIndex = 1; lastKnownFileType = text.xcconfig; name = "Pods-HZPlaceHolder.release.xcconfig"; path = "Target Support Files/Pods-HZPlaceHolder/Pods-HZPlaceHolder.release.xcconfig"; sourceTree = "<group>"; };
/* End PBXFileReference section */

/* Begin PBXFrameworksBuildPhase section */
		E4F05FAB23279F85002A46CC /* Frameworks */ = {
			isa = PBXFrameworksBuildPhase;
			buildActionMask = 2147483647;
			files = (
				4EBF99D50E08F869110EF000 /* Pods_HZPlaceHolder.framework in Frameworks */,
			);
			runOnlyForDeploymentPostprocessing = 0;
		};
/* End PBXFrameworksBuildPhase section */

/* Begin PBXGroup section */
		658A1ED2571A9149B80BBCB5 /* Frameworks */ = {
			isa = PBXGroup;
			children = (
				26B0137D004833CC3BF1E999 /* Pods_HZPlaceHolder.framework */,
			);
			name = Frameworks;
			sourceTree = "<group>";
		};
		C31CB17DC9A8C593D56C64FD /* Pods */ = {
			isa = PBXGroup;
			children = (
				C7B76DA87965862688514E73 /* Pods-HZPlaceHolder.debug.xcconfig */,
				E883C263CE2668E7F953F0E7 /* Pods-HZPlaceHolder.release.xcconfig */,
			);
			path = Pods;
			sourceTree = "<group>";
		};
		E45C740D23289D640067564B /* Refresh */ = {
			isa = PBXGroup;
			children = (
				E45C741023289D640067564B /* HZRefreshNormalHeader.swift */,
				E45C740E23289D640067564B /* HZRefreshBackNormalFooter.swift */,
				E45C740F23289D640067564B /* UIScrollViewExtension.swift */,
			);
			path = Refresh;
			sourceTree = "<group>";
		};
		E45C741123289D640067564B /* PlaceHolderView */ = {
			isa = PBXGroup;
			children = (
				E45C741223289D640067564B /* HZPlaceHolderView.swift */,
				E45C741323289D640067564B /* UIButtonExtension.swift */,
				E45C741423289D640067564B /* UILabelExtension.swift */,
				E45C741523289D640067564B /* UITableviewExtension.swift */,
				E45C741623289D640067564B /* UICollectionViewExtension.swift */,
			);
			path = PlaceHolderView;
			sourceTree = "<group>";
		};
		E4F05FA523279F85002A46CC = {
			isa = PBXGroup;
			children = (
				E4F05FB023279F85002A46CC /* Example */,
				E4F05FAF23279F85002A46CC /* Products */,
				C31CB17DC9A8C593D56C64FD /* Pods */,
				658A1ED2571A9149B80BBCB5 /* Frameworks */,
			);
			sourceTree = "<group>";
		};
		E4F05FAF23279F85002A46CC /* Products */ = {
			isa = PBXGroup;
			children = (
				E4F05FAE23279F85002A46CC /* HZPlaceHolder.app */,
			);
			name = Products;
			sourceTree = "<group>";
		};
		E4F05FB023279F85002A46CC /* Example */ = {
			isa = PBXGroup;
			children = (
				E4F05FD52327A3A5002A46CC /* Source */,
				E4F05FB123279F85002A46CC /* AppDelegate.swift */,
				E4F05FB323279F85002A46CC /* ViewController.swift */,
				E4F05FB523279F85002A46CC /* Main.storyboard */,
				E4F05FB823279F86002A46CC /* Assets.xcassets */,
				E4F05FBA23279F86002A46CC /* LaunchScreen.storyboard */,
				E4F05FBD23279F86002A46CC /* Info.plist */,
			);
			path = Example;
			sourceTree = "<group>";
		};
		E4F05FD52327A3A5002A46CC /* Source */ = {
			isa = PBXGroup;
			children = (
				E45C741123289D640067564B /* PlaceHolderView */,
				E45C740D23289D640067564B /* Refresh */,
			);
			path = Source;
			sourceTree = "<group>";
		};
/* End PBXGroup section */

/* Begin PBXNativeTarget section */
		E4F05FAD23279F85002A46CC /* HZPlaceHolder */ = {
			isa = PBXNativeTarget;
			buildConfigurationList = E4F05FC023279F86002A46CC /* Build configuration list for PBXNativeTarget "HZPlaceHolder" */;
			buildPhases = (
				A3CEF3B71A03365BE49E2378 /* [CP] Check Pods Manifest.lock */,
				E4F05FAA23279F85002A46CC /* Sources */,
				E4F05FAB23279F85002A46CC /* Frameworks */,
				E4F05FAC23279F85002A46CC /* Resources */,
				471EC14C6F6A31DFE1D4A0E3 /* [CP] Embed Pods Frameworks */,
			);
			buildRules = (
			);
			dependencies = (
			);
			name = HZPlaceHolder;
			productName = HZPlaceHolder;
			productReference = E4F05FAE23279F85002A46CC /* HZPlaceHolder.app */;
			productType = "com.apple.product-type.application";
		};
/* End PBXNativeTarget section */

/* Begin PBXProject section */
		E4F05FA623279F85002A46CC /* Project object */ = {
			isa = PBXProject;
			attributes = {
				LastSwiftUpdateCheck = 1030;
				LastUpgradeCheck = 1030;
				ORGANIZATIONNAME = "何志志";
				TargetAttributes = {
					E4F05FAD23279F85002A46CC = {
						CreatedOnToolsVersion = 10.3;
					};
				};
			};
			buildConfigurationList = E4F05FA923279F85002A46CC /* Build configuration list for PBXProject "HZPlaceHolder" */;
			compatibilityVersion = "Xcode 9.3";
			developmentRegion = en;
			hasScannedForEncodings = 0;
			knownRegions = (
				en,
				Base,
			);
			mainGroup = E4F05FA523279F85002A46CC;
			productRefGroup = E4F05FAF23279F85002A46CC /* Products */;
			projectDirPath = "";
			projectRoot = "";
			targets = (
				E4F05FAD23279F85002A46CC /* HZPlaceHolder */,
			);
		};
/* End PBXProject section */

/* Begin PBXResourcesBuildPhase section */
		E4F05FAC23279F85002A46CC /* Resources */ = {
			isa = PBXResourcesBuildPhase;
			buildActionMask = 2147483647;
			files = (
				E4F05FBC23279F86002A46CC /* LaunchScreen.storyboard in Resources */,
				E4F05FB923279F86002A46CC /* Assets.xcassets in Resources */,
				E4F05FB723279F85002A46CC /* Main.storyboard in Resources */,
			);
			runOnlyForDeploymentPostprocessing = 0;
		};
/* End PBXResourcesBuildPhase section */

/* Begin PBXShellScriptBuildPhase section */
		471EC14C6F6A31DFE1D4A0E3 /* [CP] Embed Pods Frameworks */ = {
			isa = PBXShellScriptBuildPhase;
			buildActionMask = 2147483647;
			files = (
			);
			inputFileListPaths = (
				"${PODS_ROOT}/Target Support Files/Pods-HZPlaceHolder/Pods-HZPlaceHolder-frameworks-${CONFIGURATION}-input-files.xcfilelist",
			);
			name = "[CP] Embed Pods Frameworks";
			outputFileListPaths = (
				"${PODS_ROOT}/Target Support Files/Pods-HZPlaceHolder/Pods-HZPlaceHolder-frameworks-${CONFIGURATION}-output-files.xcfilelist",
			);
			runOnlyForDeploymentPostprocessing = 0;
			shellPath = /bin/sh;
			shellScript = "\"${PODS_ROOT}/Target Support Files/Pods-HZPlaceHolder/Pods-HZPlaceHolder-frameworks.sh\"\n";
			showEnvVarsInLog = 0;
		};
		A3CEF3B71A03365BE49E2378 /* [CP] Check Pods Manifest.lock */ = {
			isa = PBXShellScriptBuildPhase;
			buildActionMask = 2147483647;
			files = (
			);
			inputFileListPaths = (
			);
			inputPaths = (
				"${PODS_PODFILE_DIR_PATH}/Podfile.lock",
				"${PODS_ROOT}/Manifest.lock",
			);
			name = "[CP] Check Pods Manifest.lock";
			outputFileListPaths = (
			);
			outputPaths = (
				"$(DERIVED_FILE_DIR)/Pods-HZPlaceHolder-checkManifestLockResult.txt",
			);
			runOnlyForDeploymentPostprocessing = 0;
			shellPath = /bin/sh;
			shellScript = "diff \"${PODS_PODFILE_DIR_PATH}/Podfile.lock\" \"${PODS_ROOT}/Manifest.lock\" > /dev/null\nif [ $? != 0 ] ; then\n    # print error to STDERR\n    echo \"error: The sandbox is not in sync with the Podfile.lock. Run 'pod install' or update your CocoaPods installation.\" >&2\n    exit 1\nfi\n# This output is used by Xcode 'outputs' to avoid re-running this script phase.\necho \"SUCCESS\" > \"${SCRIPT_OUTPUT_FILE_0}\"\n";
			showEnvVarsInLog = 0;
		};
/* End PBXShellScriptBuildPhase section */

/* Begin PBXSourcesBuildPhase section */
		E4F05FAA23279F85002A46CC /* Sources */ = {
			isa = PBXSourcesBuildPhase;
			buildActionMask = 2147483647;
			files = (
				E45C741D23289D640067564B /* UITableviewExtension.swift in Sources */,
				E45C741A23289D640067564B /* HZPlaceHolderView.swift in Sources */,
				E45C741723289D640067564B /* HZRefreshBackNormalFooter.swift in Sources */,
				E4F05FB423279F85002A46CC /* ViewController.swift in Sources */,
				E45C741E23289D640067564B /* UICollectionViewExtension.swift in Sources */,
				E4F05FB223279F85002A46CC /* AppDelegate.swift in Sources */,
				E45C741C23289D640067564B /* UILabelExtension.swift in Sources */,
				E45C741B23289D640067564B /* UIButtonExtension.swift in Sources */,
				E45C741823289D640067564B /* UIScrollViewExtension.swift in Sources */,
				E45C741923289D640067564B /* HZRefreshNormalHeader.swift in Sources */,
			);
			runOnlyForDeploymentPostprocessing = 0;
		};
/* End PBXSourcesBuildPhase section */

/* Begin PBXVariantGroup section */
		E4F05FB523279F85002A46CC /* Main.storyboard */ = {
			isa = PBXVariantGroup;
			children = (
				E4F05FB623279F85002A46CC /* Base */,
			);
			name = Main.storyboard;
			sourceTree = "<group>";
		};
		E4F05FBA23279F86002A46CC /* LaunchScreen.storyboard */ = {
			isa = PBXVariantGroup;
			children = (
				E4F05FBB23279F86002A46CC /* Base */,
			);
			name = LaunchScreen.storyboard;
			sourceTree = "<group>";
		};
/* End PBXVariantGroup section */

/* Begin XCBuildConfiguration section */
		E4F05FBE23279F86002A46CC /* Debug */ = {
			isa = XCBuildConfiguration;
			buildSettings = {
				ALWAYS_SEARCH_USER_PATHS = NO;
				CLANG_ANALYZER_NONNULL = YES;
				CLANG_ANALYZER_NUMBER_OBJECT_CONVERSION = YES_AGGRESSIVE;
				CLANG_CXX_LANGUAGE_STANDARD = "gnu++14";
				CLANG_CXX_LIBRARY = "libc++";
				CLANG_ENABLE_MODULES = YES;
				CLANG_ENABLE_OBJC_ARC = YES;
				CLANG_ENABLE_OBJC_WEAK = YES;
				CLANG_WARN_BLOCK_CAPTURE_AUTORELEASING = YES;
				CLANG_WARN_BOOL_CONVERSION = YES;
				CLANG_WARN_COMMA = YES;
				CLANG_WARN_CONSTANT_CONVERSION = YES;
				CLANG_WARN_DEPRECATED_OBJC_IMPLEMENTATIONS = YES;
				CLANG_WARN_DIRECT_OBJC_ISA_USAGE = YES_ERROR;
				CLANG_WARN_DOCUMENTATION_COMMENTS = YES;
				CLANG_WARN_EMPTY_BODY = YES;
				CLANG_WARN_ENUM_CONVERSION = YES;
				CLANG_WARN_INFINITE_RECURSION = YES;
				CLANG_WARN_INT_CONVERSION = YES;
				CLANG_WARN_NON_LITERAL_NULL_CONVERSION = YES;
				CLANG_WARN_OBJC_IMPLICIT_RETAIN_SELF = YES;
				CLANG_WARN_OBJC_LITERAL_CONVERSION = YES;
				CLANG_WARN_OBJC_ROOT_CLASS = YES_ERROR;
				CLANG_WARN_RANGE_LOOP_ANALYSIS = YES;
				CLANG_WARN_STRICT_PROTOTYPES = YES;
				CLANG_WARN_SUSPICIOUS_MOVE = YES;
				CLANG_WARN_UNGUARDED_AVAILABILITY = YES_AGGRESSIVE;
				CLANG_WARN_UNREACHABLE_CODE = YES;
				CLANG_WARN__DUPLICATE_METHOD_MATCH = YES;
				CODE_SIGN_IDENTITY = "iPhone Developer";
				COPY_PHASE_STRIP = NO;
				DEBUG_INFORMATION_FORMAT = dwarf;
				ENABLE_STRICT_OBJC_MSGSEND = YES;
				ENABLE_TESTABILITY = YES;
				GCC_C_LANGUAGE_STANDARD = gnu11;
				GCC_DYNAMIC_NO_PIC = NO;
				GCC_NO_COMMON_BLOCKS = YES;
				GCC_OPTIMIZATION_LEVEL = 0;
				GCC_PREPROCESSOR_DEFINITIONS = (
					"DEBUG=1",
					"$(inherited)",
				);
				GCC_WARN_64_TO_32_BIT_CONVERSION = YES;
				GCC_WARN_ABOUT_RETURN_TYPE = YES_ERROR;
				GCC_WARN_UNDECLARED_SELECTOR = YES;
				GCC_WARN_UNINITIALIZED_AUTOS = YES_AGGRESSIVE;
				GCC_WARN_UNUSED_FUNCTION = YES;
				GCC_WARN_UNUSED_VARIABLE = YES;
				IPHONEOS_DEPLOYMENT_TARGET = 12.4;
				MTL_ENABLE_DEBUG_INFO = INCLUDE_SOURCE;
				MTL_FAST_MATH = YES;
				ONLY_ACTIVE_ARCH = YES;
				SDKROOT = iphoneos;
				SWIFT_ACTIVE_COMPILATION_CONDITIONS = DEBUG;
				SWIFT_OPTIMIZATION_LEVEL = "-Onone";
			};
			name = Debug;
		};
		E4F05FBF23279F86002A46CC /* Release */ = {
			isa = XCBuildConfiguration;
			buildSettings = {
				ALWAYS_SEARCH_USER_PATHS = NO;
				CLANG_ANALYZER_NONNULL = YES;
				CLANG_ANALYZER_NUMBER_OBJECT_CONVERSION = YES_AGGRESSIVE;
				CLANG_CXX_LANGUAGE_STANDARD = "gnu++14";
				CLANG_CXX_LIBRARY = "libc++";
				CLANG_ENABLE_MODULES = YES;
				CLANG_ENABLE_OBJC_ARC = YES;
				CLANG_ENABLE_OBJC_WEAK = YES;
				CLANG_WARN_BLOCK_CAPTURE_AUTORELEASING = YES;
				CLANG_WARN_BOOL_CONVERSION = YES;
				CLANG_WARN_COMMA = YES;
				CLANG_WARN_CONSTANT_CONVERSION = YES;
				CLANG_WARN_DEPRECATED_OBJC_IMPLEMENTATIONS = YES;
				CLANG_WARN_DIRECT_OBJC_ISA_USAGE = YES_ERROR;
				CLANG_WARN_DOCUMENTATION_COMMENTS = YES;
				CLANG_WARN_EMPTY_BODY = YES;
				CLANG_WARN_ENUM_CONVERSION = YES;
				CLANG_WARN_INFINITE_RECURSION = YES;
				CLANG_WARN_INT_CONVERSION = YES;
				CLANG_WARN_NON_LITERAL_NULL_CONVERSION = YES;
				CLANG_WARN_OBJC_IMPLICIT_RETAIN_SELF = YES;
				CLANG_WARN_OBJC_LITERAL_CONVERSION = YES;
				CLANG_WARN_OBJC_ROOT_CLASS = YES_ERROR;
				CLANG_WARN_RANGE_LOOP_ANALYSIS = YES;
				CLANG_WARN_STRICT_PROTOTYPES = YES;
				CLANG_WARN_SUSPICIOUS_MOVE = YES;
				CLANG_WARN_UNGUARDED_AVAILABILITY = YES_AGGRESSIVE;
				CLANG_WARN_UNREACHABLE_CODE = YES;
				CLANG_WARN__DUPLICATE_METHOD_MATCH = YES;
				CODE_SIGN_IDENTITY = "iPhone Developer";
				COPY_PHASE_STRIP = NO;
				DEBUG_INFORMATION_FORMAT = "dwarf-with-dsym";
				ENABLE_NS_ASSERTIONS = NO;
				ENABLE_STRICT_OBJC_MSGSEND = YES;
				GCC_C_LANGUAGE_STANDARD = gnu11;
				GCC_NO_COMMON_BLOCKS = YES;
				GCC_WARN_64_TO_32_BIT_CONVERSION = YES;
				GCC_WARN_ABOUT_RETURN_TYPE = YES_ERROR;
				GCC_WARN_UNDECLARED_SELECTOR = YES;
				GCC_WARN_UNINITIALIZED_AUTOS = YES_AGGRESSIVE;
				GCC_WARN_UNUSED_FUNCTION = YES;
				GCC_WARN_UNUSED_VARIABLE = YES;
				IPHONEOS_DEPLOYMENT_TARGET = 12.4;
				MTL_ENABLE_DEBUG_INFO = NO;
				MTL_FAST_MATH = YES;
				SDKROOT = iphoneos;
				SWIFT_COMPILATION_MODE = wholemodule;
				SWIFT_OPTIMIZATION_LEVEL = "-O";
				VALIDATE_PRODUCT = YES;
			};
			name = Release;
		};
		E4F05FC123279F86002A46CC /* Debug */ = {
			isa = XCBuildConfiguration;
			baseConfigurationReference = C7B76DA87965862688514E73 /* Pods-HZPlaceHolder.debug.xcconfig */;
			buildSettings = {
				ASSETCATALOG_COMPILER_APPICON_NAME = AppIcon;
				CODE_SIGN_STYLE = Automatic;
				DEVELOPMENT_TEAM = AVVHC4G6JC;
				INFOPLIST_FILE = Example/Info.plist;
				LD_RUNPATH_SEARCH_PATHS = (
					"$(inherited)",
					"@executable_path/Frameworks",
				);
				PRODUCT_BUNDLE_IDENTIFIER = com.yantu.HZPlaceHolder;
				PRODUCT_NAME = "$(TARGET_NAME)";
				SWIFT_VERSION = 5.0;
				TARGETED_DEVICE_FAMILY = "1,2";
			};
			name = Debug;
		};
		E4F05FC223279F86002A46CC /* Release */ = {
			isa = XCBuildConfiguration;
			baseConfigurationReference = E883C263CE2668E7F953F0E7 /* Pods-HZPlaceHolder.release.xcconfig */;
			buildSettings = {
				ASSETCATALOG_COMPILER_APPICON_NAME = AppIcon;
				CODE_SIGN_STYLE = Automatic;
				DEVELOPMENT_TEAM = AVVHC4G6JC;
				INFOPLIST_FILE = Example/Info.plist;
				LD_RUNPATH_SEARCH_PATHS = (
					"$(inherited)",
					"@executable_path/Frameworks",
				);
				PRODUCT_BUNDLE_IDENTIFIER = com.yantu.HZPlaceHolder;
				PRODUCT_NAME = "$(TARGET_NAME)";
				SWIFT_VERSION = 5.0;
				TARGETED_DEVICE_FAMILY = "1,2";
			};
			name = Release;
		};
/* End XCBuildConfiguration section */

/* Begin XCConfigurationList section */
		E4F05FA923279F85002A46CC /* Build configuration list for PBXProject "HZPlaceHolder" */ = {
			isa = XCConfigurationList;
			buildConfigurations = (
				E4F05FBE23279F86002A46CC /* Debug */,
				E4F05FBF23279F86002A46CC /* Release */,
			);
			defaultConfigurationIsVisible = 0;
			defaultConfigurationName = Release;
		};
		E4F05FC023279F86002A46CC /* Build configuration list for PBXNativeTarget "HZPlaceHolder" */ = {
			isa = XCConfigurationList;
			buildConfigurations = (
				E4F05FC123279F86002A46CC /* Debug */,
				E4F05FC223279F86002A46CC /* Release */,
			);
			defaultConfigurationIsVisible = 0;
			defaultConfigurationName = Release;
		};
/* End XCConfigurationList section */
	};
	rootObject = E4F05FA623279F85002A46CC /* Project object */;
}
